<?xml version="1.0" encoding="utf-8"?>
<Project ToolsVersion="4.0" xmlns="http://schemas.microsoft.com/developer/msbuild/2003">
  <ItemGroup>
    <Filter Include="Source Files">
      <UniqueIdentifier>{67DA6AB6-F800-4c08-8B7A-83BB121AAD01}</UniqueIdentifier>
      <Extensions>rc;ico;cur;bmp;dlg;rc2;rct;bin;rgs;gif;jpg;jpeg;jpe;resx;tiff;tif;png;wav;mfcribbon-ms</Extensions>
    </Filter>
    <Filter Include="Source Files\utils">
      <UniqueIdentifier>{cea24643-47f8-49b7-bfc8-5b32f4ddd667}</UniqueIdentifier>
    </Filter>
    <Filter Include="Source Files\deps">
      <UniqueIdentifier>{3a48ed01-a7b3-4ee2-951e-ef5b772b4a0e}</UniqueIdentifier>
    </Filter>
  </ItemGroup>
  <ItemGroup>
    <ClCompile Include="src\glad\src\glad.c">
      <Filter>Source Files\deps</Filter>
    </ClCompile>
    <ClCompile Include="src\Core\base_game.cpp" />
    <ClCompile Include="src\Core\core.cpp" />
    <ClCompile Include="src\Core\Input.cpp" />
    <ClCompile Include="src\Core\lib_time.cpp" />
    <ClCompile Include="src\Entities\animation.cpp" />
    <ClCompile Include="src\Entities\Cube.cpp" />
    <ClCompile Include="src\Entities\entity.cpp" />
    <ClCompile Include="src\Entities\Entity2.cpp" />
    <ClCompile Include="src\Entities\Entity3D.cpp" />
    <ClCompile Include="src\Entities\rectangle.cpp" />
    <ClCompile Include="src\Entities\shape.cpp" />
    <ClCompile Include="src\Entities\sprite.cpp" />
    <ClCompile Include="src\Entities\triangle.cpp" />
    <ClCompile Include="src\Importer\loader.cpp" />
    <ClCompile Include="src\Importer\Mesh.cpp" />
    <ClCompile Include="src\Importer\Model.cpp" />
    <ClCompile Include="src\Importer\ModelLoader.cpp" />
    <ClCompile Include="src\Math\collisionManager.cpp" />
    <ClCompile Include="src\Math\myMaths.cpp" />
    <ClCompile Include="src\Rendering\Camera\Camera.cpp" />
    <ClCompile Include="src\Rendering\Camera\CameraController.cpp" />
    <ClCompile Include="src\Rendering\Light\AmbientLight.cpp" />
    <ClCompile Include="src\Rendering\Light\Light.cpp" />
    <ClCompile Include="src\Rendering\Light\Material.cpp" />
    <ClCompile Include="src\Rendering\Light\PointLight.cpp" />
    <ClCompile Include="src\Rendering\Light\SpotLight.cpp" />
    <ClCompile Include="src\Rendering\renderer.cpp" />
    <ClCompile Include="src\Rendering\shader.cpp" />
    <ClCompile Include="src\Window\window.cpp" />
  </ItemGroup>
  <ItemGroup>
    <ClInclude Include="src\Core\base_game.h" />
    <ClInclude Include="src\Core\core.h" />
    <ClInclude Include="src\Core\deps.h" />
    <ClInclude Include="src\Core\Input.h" />
    <ClInclude Include="src\Core\lib_time.h" />
    <ClInclude Include="src\Entities\animation.h" />
    <ClInclude Include="src\Entities\Cube.h" />
    <ClInclude Include="src\Entities\entity.h" />
    <ClInclude Include="src\Entities\Entity2.h" />
    <ClInclude Include="src\Entities\Entity3D.h" />
    <ClInclude Include="src\Entities\rectangle.h" />
    <ClInclude Include="src\Entities\shape.h" />
    <ClInclude Include="src\Entities\sprite.h" />
    <ClInclude Include="src\Entities\triangle.h" />
    <ClInclude Include="src\Importer\loader.h" />
    <ClInclude Include="src\Importer\Mesh.h" />
    <ClInclude Include="src\Importer\Model.h" />
    <ClInclude Include="src\Importer\ModelLoader.h" />
    <ClInclude Include="src\Importer\stb_image.h" />
    <ClInclude Include="src\Math\collisionManager.h" />
    <ClInclude Include="src\Math\myMaths.h" />
    <ClInclude Include="src\Math\transform.h" />
    <ClInclude Include="src\Rendering\Camera\Camera.h" />
    <ClInclude Include="src\Rendering\Camera\CameraController.h" />
    <ClInclude Include="src\Rendering\Frustum.h" />
    <ClInclude Include="src\Rendering\Light\AmbientLight.h" />
    <ClInclude Include="src\Rendering\Light\Light.h" />
    <ClInclude Include="src\Rendering\Light\Material.h" />
    <ClInclude Include="src\Rendering\Light\PointLight.h" />
    <ClInclude Include="src\Rendering\Light\SpotLight.h" />
    <ClInclude Include="src\Rendering\renderer.h" />
    <ClInclude Include="src\Rendering\shader.h" />
    <ClInclude Include="src\Window\window.h" />
  </ItemGroup>
</Project>